
Microsoft Visual Studio Solution File, Format Version 12.00
# Visual Studio Version 16
VisualStudioVersion = 16.0.32002.261
MinimumVisualStudioVersion = 10.0.40219.1
Project("{FAE04EC0-301F-11D3-BF4B-00C04F79EFBC}") = "CPSC1012 Assignment 2_aamir_mughal", "CPSC1012 Assignment 2_aamir_mughal.csproj", "{0E7397F7-072D-43BD-A1BC-83950C648B49}"
EndProject
Global
	GlobalSection(SolutionConfigurationPlatforms) = preSolution
		Debug|Any CPU = Debug|Any CPU
		Release|Any CPU = Release|Any CPU
	EndGlobalSection
	GlobalSection(ProjectConfigurationPlatforms) = postSolution
		{0E7397F7-072D-43BD-A1BC-83950C648B49}.Debug|Any CPU.ActiveCfg = Debug|Any CPU
		{0E7397F7-072D-43BD-A1BC-83950C648B49}.Debug|Any CPU.Build.0 = Debug|Any CPU
		{0E7397F7-072D-43BD-A1BC-83950C648B49}.Release|Any CPU.ActiveCfg = Release|Any CPU
		{0E7397F7-072D-43BD-A1BC-83950C648B49}.Release|Any CPU.Build.0 = Release|Any CPU
	EndGlobalSection
	GlobalSection(SolutionProperties) = preSolution
		HideSolutionNode = FALSE
	EndGlobalSection
	GlobalSection(ExtensibilityGlobals) = postSolution
		SolutionGuid = {633B21D4-9949-4584-BE8A-8EF29769E46F}
	EndGlobalSection
EndGlobal
