
Microsoft Visual Studio Solution File, Format Version 12.00
# Visual Studio Version 16
VisualStudioVersion = 16.0.32002.261
MinimumVisualStudioVersion = 10.0.40219.1
Project("{FAE04EC0-301F-11D3-BF4B-00C04F79EFBC}") = "do-whileloop1", "do-whileloop1.csproj", "{51AE2FB0-A418-4C08-A1A9-C4B49BC99CE3}"
EndProject
Global
	GlobalSection(SolutionConfigurationPlatforms) = preSolution
		Debug|Any CPU = Debug|Any CPU
		Release|Any CPU = Release|Any CPU
	EndGlobalSection
	GlobalSection(ProjectConfigurationPlatforms) = postSolution
		{51AE2FB0-A418-4C08-A1A9-C4B49BC99CE3}.Debug|Any CPU.ActiveCfg = Debug|Any CPU
		{51AE2FB0-A418-4C08-A1A9-C4B49BC99CE3}.Debug|Any CPU.Build.0 = Debug|Any CPU
		{51AE2FB0-A418-4C08-A1A9-C4B49BC99CE3}.Release|Any CPU.ActiveCfg = Release|Any CPU
		{51AE2FB0-A418-4C08-A1A9-C4B49BC99CE3}.Release|Any CPU.Build.0 = Release|Any CPU
	EndGlobalSection
	GlobalSection(SolutionProperties) = preSolution
		HideSolutionNode = FALSE
	EndGlobalSection
	GlobalSection(ExtensibilityGlobals) = postSolution
		SolutionGuid = {89E11C57-37B9-4598-9B95-72BD0BEF0E57}
	EndGlobalSection
EndGlobal
