
Microsoft Visual Studio Solution File, Format Version 12.00
# Visual Studio Version 16
VisualStudioVersion = 16.0.32228.343
MinimumVisualStudioVersion = 10.0.40219.1
Project("{FAE04EC0-301F-11D3-BF4B-00C04F79EFBC}") = "Employee_object_method_6April2022", "Employee_object_method_6April2022.csproj", "{077CBC1B-E9BE-4EEC-B4A2-B96401E24008}"
EndProject
Global
	GlobalSection(SolutionConfigurationPlatforms) = preSolution
		Debug|Any CPU = Debug|Any CPU
		Release|Any CPU = Release|Any CPU
	EndGlobalSection
	GlobalSection(ProjectConfigurationPlatforms) = postSolution
		{077CBC1B-E9BE-4EEC-B4A2-B96401E24008}.Debug|Any CPU.ActiveCfg = Debug|Any CPU
		{077CBC1B-E9BE-4EEC-B4A2-B96401E24008}.Debug|Any CPU.Build.0 = Debug|Any CPU
		{077CBC1B-E9BE-4EEC-B4A2-B96401E24008}.Release|Any CPU.ActiveCfg = Release|Any CPU
		{077CBC1B-E9BE-4EEC-B4A2-B96401E24008}.Release|Any CPU.Build.0 = Release|Any CPU
	EndGlobalSection
	GlobalSection(SolutionProperties) = preSolution
		HideSolutionNode = FALSE
	EndGlobalSection
	GlobalSection(ExtensibilityGlobals) = postSolution
		SolutionGuid = {BA136126-E333-432E-9374-3AF36B447B6A}
	EndGlobalSection
EndGlobal
