
Microsoft Visual Studio Solution File, Format Version 12.00
# Visual Studio Version 16
VisualStudioVersion = 16.0.32002.261
MinimumVisualStudioVersion = 10.0.40219.1
Project("{FAE04EC0-301F-11D3-BF4B-00C04F79EFBC}") = "formatingexcersize", "formatingexcersize.csproj", "{C7914F41-FD60-4AF4-8DD4-5B5E1B0C50AA}"
EndProject
Global
	GlobalSection(SolutionConfigurationPlatforms) = preSolution
		Debug|Any CPU = Debug|Any CPU
		Release|Any CPU = Release|Any CPU
	EndGlobalSection
	GlobalSection(ProjectConfigurationPlatforms) = postSolution
		{C7914F41-FD60-4AF4-8DD4-5B5E1B0C50AA}.Debug|Any CPU.ActiveCfg = Debug|Any CPU
		{C7914F41-FD60-4AF4-8DD4-5B5E1B0C50AA}.Debug|Any CPU.Build.0 = Debug|Any CPU
		{C7914F41-FD60-4AF4-8DD4-5B5E1B0C50AA}.Release|Any CPU.ActiveCfg = Release|Any CPU
		{C7914F41-FD60-4AF4-8DD4-5B5E1B0C50AA}.Release|Any CPU.Build.0 = Release|Any CPU
	EndGlobalSection
	GlobalSection(SolutionProperties) = preSolution
		HideSolutionNode = FALSE
	EndGlobalSection
	GlobalSection(ExtensibilityGlobals) = postSolution
		SolutionGuid = {F042145D-45F9-45D8-AE33-C82CAB39D632}
	EndGlobalSection
EndGlobal
